<Solution>
  <Folder Name="/tests/">
    <Project Path="E2ETests/E2ETests.csproj" />
    <Project Path="UnitTests/UnitTests.csproj" />
  </Folder>
  <Folder Name="/backend/">
    <Project Path="TestGenerator.csproj" />
  </Folder>
  <Folder Name="/backend/Core/">
    <Project Path="Core/RBBH.TestAutomation.Core.csproj" />
  </Folder>
</Solution>
