<Solution>
  <Folder Name="/backend/">
    <Project Path="PropertyValuation.csproj" />
    <Project Path="Application/RBBH.CollateralAppraisal.Application.csproj" />
    <Project Path="Domain/RBBH.CollateralAppraisal.Domain.csproj" />
    <Project Path="Infrastructure/RBBH.CollateralAppraisal.Infrastructure.csproj" />
  </Folder>
  <Folder Name="/tests/">
    <Project Path="Tests/Api.Tests/Api.Tests.csproj" />
    <Project Path="Tests/Application.Tests/Application.Tests.csproj" />
    <Project Path="Tests/E2E.Tests/E2E.Tests.csproj" />
    <Project Path="Tests/Infrastructure.Tests/Infrastructure.Tests.csproj" />
  </Folder>
</Solution>
